
Microsoft Visual Studio Solution File, Format Version 12.00
# Visual Studio Version 17
VisualStudioVersion = 17.5.33516.290
MinimumVisualStudioVersion = 10.0.40219.1
Project("{9A19103F-16F7-4668-BE54-9A1E7A4F7556}") = "NetCoreClient", "NetCoreClient.csproj", "{20A4040C-58C0-4D78-9B15-76C37E3B833D}"
EndProject
Global
	GlobalSection(SolutionConfigurationPlatforms) = preSolution
		Debug|Any CPU = Debug|Any CPU
		Release|Any CPU = Release|Any CPU
	EndGlobalSection
	GlobalSection(ProjectConfigurationPlatforms) = postSolution
		{20A4040C-58C0-4D78-9B15-76C37E3B833D}.Debug|Any CPU.ActiveCfg = Debug|Any CPU
		{20A4040C-58C0-4D78-9B15-76C37E3B833D}.Debug|Any CPU.Build.0 = Debug|Any CPU
		{20A4040C-58C0-4D78-9B15-76C37E3B833D}.Release|Any CPU.ActiveCfg = Release|Any CPU
		{20A4040C-58C0-4D78-9B15-76C37E3B833D}.Release|Any CPU.Build.0 = Release|Any CPU
	EndGlobalSection
	GlobalSection(SolutionProperties) = preSolution
		HideSolutionNode = FALSE
	EndGlobalSection
	GlobalSection(ExtensibilityGlobals) = postSolution
		SolutionGuid = {E29E03A9-CF50-4866-8913-4A4890295EB5}
	EndGlobalSection
EndGlobal
